lockfileVersion: '9.0'

settings:
  autoInstallPeers: true
  excludeLinksFromLockfile: false

importers:

  .:
    dependencies:
      '@next/third-parties':
        specifier: ^15.3.1
        version: 15.3.1(next@15.3.1(react-dom@19.1.0(react@19.1.0))(react@19.1.0))(react@19.1.0)
      '@phosphor-icons/react':
        specifier: ^2.1.7
        version: 2.1.7(react-dom@19.1.0(react@19.1.0))(react@19.1.0)
      clsx:
        specifier: ^2.1.1
        version: 2.1.1
      dayjs:
        specifier: ^1.11.13
        version: 1.11.13
      next:
        specifier: ^15.3.1
        version: 15.3.1(react-dom@19.1.0(react@19.1.0))(react@19.1.0)
      react:
        specifier: ^19.1.0
        version: 19.1.0
      react-dom:
        specifier: ^19.1.0
        version: 19.1.0(react@19.1.0)
      tailwind-merge:
        specifier: ^3.2.0
        version: 3.2.0
    devDependencies:
      '@tailwindcss/postcss':
        specifier: ^4.1.4
        version: 4.1.4
      '@types/node':
        specifier: ^22.14.1
        version: 22.14.1
      '@types/react':
        specifier: ^19.1.2
        version: 19.1.2
      '@types/react-dom':
        specifier: ^19.1.2
        version: 19.1.2(@types/react@19.1.2)
      prettier:
        specifier: ^3.5.3
        version: 3.5.3
      prettier-plugin-tailwindcss:
        specifier: ^0.6.11
        version: 0.6.11(prettier@3.5.3)
      tailwindcss:
        specifier: ^4.1.4
        version: 4.1.4
      typescript:
        specifier: ^5.8.3
        version: 5.8.3

packages:

  '@alloc/quick-lru@5.2.0':
    resolution: {integrity: sha512-UrcABB+4bUrFABwbluTIBErXwvbsU/V7TZWfmbgJfbkwiBuziS9gxdODUyuiecfdGQ85jglMW6juS3+z5TsKLw==}
    engines: {node: '>=10'}

  '@emnapi/runtime@1.4.3':
    resolution: {integrity: sha512-pBPWdu6MLKROBX05wSNKcNb++m5Er+KQ9QkB+WVM+pW2Kx9hoSrVTnu3BdkI5eBLZoKu/J6mW/B6i6bJB2ytXQ==}

  '@img/sharp-darwin-arm64@0.34.1':
    resolution: {integrity: sha512-pn44xgBtgpEbZsu+lWf2KNb6OAf70X68k+yk69Ic2Xz11zHR/w24/U49XT7AeRwJ0Px+mhALhU5LPci1Aymk7A==}
    engines: {node: ^18.17.0 || ^20.3.0 || >=21.0.0}
    cpu: [arm64]
    os: [darwin]

  '@img/sharp-darwin-x64@0.34.1':
    resolution: {integrity: sha512-VfuYgG2r8BpYiOUN+BfYeFo69nP/MIwAtSJ7/Zpxc5QF3KS22z8Pvg3FkrSFJBPNQ7mmcUcYQFBmEQp7eu1F8Q==}
    engines: {node: ^18.17.0 || ^20.3.0 || >=21.0.0}
    cpu: [x64]
    os: [darwin]

  '@img/sharp-libvips-darwin-arm64@1.1.0':
    resolution: {integrity: sha512-HZ/JUmPwrJSoM4DIQPv/BfNh9yrOA8tlBbqbLz4JZ5uew2+o22Ik+tHQJcih7QJuSa0zo5coHTfD5J8inqj9DA==}
    cpu: [arm64]
    os: [darwin]

  '@img/sharp-libvips-darwin-x64@1.1.0':
    resolution: {integrity: sha512-Xzc2ToEmHN+hfvsl9wja0RlnXEgpKNmftriQp6XzY/RaSfwD9th+MSh0WQKzUreLKKINb3afirxW7A0fz2YWuQ==}
    cpu: [x64]
    os: [darwin]

  '@img/sharp-libvips-linux-arm64@1.1.0':
    resolution: {integrity: sha512-IVfGJa7gjChDET1dK9SekxFFdflarnUB8PwW8aGwEoF3oAsSDuNUTYS+SKDOyOJxQyDC1aPFMuRYLoDInyV9Ew==}
    cpu: [arm64]
    os: [linux]

  '@img/sharp-libvips-linux-arm@1.1.0':
    resolution: {integrity: sha512-s8BAd0lwUIvYCJyRdFqvsj+BJIpDBSxs6ivrOPm/R7piTs5UIwY5OjXrP2bqXC9/moGsyRa37eYWYCOGVXxVrA==}
    cpu: [arm]
    os: [linux]

  '@img/sharp-libvips-linux-ppc64@1.1.0':
    resolution: {integrity: sha512-tiXxFZFbhnkWE2LA8oQj7KYR+bWBkiV2nilRldT7bqoEZ4HiDOcePr9wVDAZPi/Id5fT1oY9iGnDq20cwUz8lQ==}
    cpu: [ppc64]
    os: [linux]

  '@img/sharp-libvips-linux-s390x@1.1.0':
    resolution: {integrity: sha512-xukSwvhguw7COyzvmjydRb3x/09+21HykyapcZchiCUkTThEQEOMtBj9UhkaBRLuBrgLFzQ2wbxdeCCJW/jgJA==}
    cpu: [s390x]
    os: [linux]

  '@img/sharp-libvips-linux-x64@1.1.0':
    resolution: {integrity: sha512-yRj2+reB8iMg9W5sULM3S74jVS7zqSzHG3Ol/twnAAkAhnGQnpjj6e4ayUz7V+FpKypwgs82xbRdYtchTTUB+Q==}
    cpu: [x64]
    os: [linux]

  '@img/sharp-libvips-linuxmusl-arm64@1.1.0':
    resolution: {integrity: sha512-jYZdG+whg0MDK+q2COKbYidaqW/WTz0cc1E+tMAusiDygrM4ypmSCjOJPmFTvHHJ8j/6cAGyeDWZOsK06tP33w==}
    cpu: [arm64]
    os: [linux]

  '@img/sharp-libvips-linuxmusl-x64@1.1.0':
    resolution: {integrity: sha512-wK7SBdwrAiycjXdkPnGCPLjYb9lD4l6Ze2gSdAGVZrEL05AOUJESWU2lhlC+Ffn5/G+VKuSm6zzbQSzFX/P65A==}
    cpu: [x64]
    os: [linux]

  '@img/sharp-linux-arm64@0.34.1':
    resolution: {integrity: sha512-kX2c+vbvaXC6vly1RDf/IWNXxrlxLNpBVWkdpRq5Ka7OOKj6nr66etKy2IENf6FtOgklkg9ZdGpEu9kwdlcwOQ==}
    engines: {node: ^18.17.0 || ^20.3.0 || >=21.0.0}
    cpu: [arm64]
    os: [linux]

  '@img/sharp-linux-arm@0.34.1':
    resolution: {integrity: sha512-anKiszvACti2sGy9CirTlNyk7BjjZPiML1jt2ZkTdcvpLU1YH6CXwRAZCA2UmRXnhiIftXQ7+Oh62Ji25W72jA==}
    engines: {node: ^18.17.0 || ^20.3.0 || >=21.0.0}
    cpu: [arm]
    os: [linux]

  '@img/sharp-linux-s390x@0.34.1':
    resolution: {integrity: sha512-7s0KX2tI9mZI2buRipKIw2X1ufdTeaRgwmRabt5bi9chYfhur+/C1OXg3TKg/eag1W+6CCWLVmSauV1owmRPxA==}
    engines: {node: ^18.17.0 || ^20.3.0 || >=21.0.0}
    cpu: [s390x]
    os: [linux]

  '@img/sharp-linux-x64@0.34.1':
    resolution: {integrity: sha512-wExv7SH9nmoBW3Wr2gvQopX1k8q2g5V5Iag8Zk6AVENsjwd+3adjwxtp3Dcu2QhOXr8W9NusBU6XcQUohBZ5MA==}
    engines: {node: ^18.17.0 || ^20.3.0 || >=21.0.0}
    cpu: [x64]
    os: [linux]

  '@img/sharp-linuxmusl-arm64@0.34.1':
    resolution: {integrity: sha512-DfvyxzHxw4WGdPiTF0SOHnm11Xv4aQexvqhRDAoD00MzHekAj9a/jADXeXYCDFH/DzYruwHbXU7uz+H+nWmSOQ==}
    engines: {node: ^18.17.0 || ^20.3.0 || >=21.0.0}
    cpu: [arm64]
    os: [linux]

  '@img/sharp-linuxmusl-x64@0.34.1':
    resolution: {integrity: sha512-pax/kTR407vNb9qaSIiWVnQplPcGU8LRIJpDT5o8PdAx5aAA7AS3X9PS8Isw1/WfqgQorPotjrZL3Pqh6C5EBg==}
    engines: {node: ^18.17.0 || ^20.3.0 || >=21.0.0}
    cpu: [x64]
    os: [linux]

  '@img/sharp-wasm32@0.34.1':
    resolution: {integrity: sha512-YDybQnYrLQfEpzGOQe7OKcyLUCML4YOXl428gOOzBgN6Gw0rv8dpsJ7PqTHxBnXnwXr8S1mYFSLSa727tpz0xg==}
    engines: {node: ^18.17.0 || ^20.3.0 || >=21.0.0}
    cpu: [wasm32]

  '@img/sharp-win32-ia32@0.34.1':
    resolution: {integrity: sha512-WKf/NAZITnonBf3U1LfdjoMgNO5JYRSlhovhRhMxXVdvWYveM4kM3L8m35onYIdh75cOMCo1BexgVQcCDzyoWw==}
    engines: {node: ^18.17.0 || ^20.3.0 || >=21.0.0}
    cpu: [ia32]
    os: [win32]

  '@img/sharp-win32-x64@0.34.1':
    resolution: {integrity: sha512-hw1iIAHpNE8q3uMIRCgGOeDoz9KtFNarFLQclLxr/LK1VBkj8nby18RjFvr6aP7USRYAjTZW6yisnBWMX571Tw==}
    engines: {node: ^18.17.0 || ^20.3.0 || >=21.0.0}
    cpu: [x64]
    os: [win32]

  '@next/env@15.3.1':
    resolution: {integrity: sha512-cwK27QdzrMblHSn9DZRV+DQscHXRuJv6MydlJRpFSqJWZrTYMLzKDeyueJNN9MGd8NNiUKzDQADAf+dMLXX7YQ==}

  '@next/swc-darwin-arm64@15.3.1':
    resolution: {integrity: sha512-hjDw4f4/nla+6wysBL07z52Gs55Gttp5Bsk5/8AncQLJoisvTBP0pRIBK/B16/KqQyH+uN4Ww8KkcAqJODYH3w==}
    engines: {node: '>= 10'}
    cpu: [arm64]
    os: [darwin]

  '@next/swc-darwin-x64@15.3.1':
    resolution: {integrity: sha512-q+aw+cJ2ooVYdCEqZVk+T4Ni10jF6Fo5DfpEV51OupMaV5XL6pf3GCzrk6kSSZBsMKZtVC1Zm/xaNBFpA6bJ2g==}
    engines: {node: '>= 10'}
    cpu: [x64]
    os: [darwin]

  '@next/swc-linux-arm64-gnu@15.3.1':
    resolution: {integrity: sha512-wBQ+jGUI3N0QZyWmmvRHjXjTWFy8o+zPFLSOyAyGFI94oJi+kK/LIZFJXeykvgXUk1NLDAEFDZw/NVINhdk9FQ==}
    engines: {node: '>= 10'}
    cpu: [arm64]
    os: [linux]

  '@next/swc-linux-arm64-musl@15.3.1':
    resolution: {integrity: sha512-IIxXEXRti/AulO9lWRHiCpUUR8AR/ZYLPALgiIg/9ENzMzLn3l0NSxVdva7R/VDcuSEBo0eGVCe3evSIHNz0Hg==}
    engines: {node: '>= 10'}
    cpu: [arm64]
    os: [linux]

  '@next/swc-linux-x64-gnu@15.3.1':
    resolution: {integrity: sha512-bfI4AMhySJbyXQIKH5rmLJ5/BP7bPwuxauTvVEiJ/ADoddaA9fgyNNCcsbu9SlqfHDoZmfI6g2EjzLwbsVTr5A==}
    engines: {node: '>= 10'}
    cpu: [x64]
    os: [linux]

  '@next/swc-linux-x64-musl@15.3.1':
    resolution: {integrity: sha512-FeAbR7FYMWR+Z+M5iSGytVryKHiAsc0x3Nc3J+FD5NVbD5Mqz7fTSy8CYliXinn7T26nDMbpExRUI/4ekTvoiA==}
    engines: {node: '>= 10'}
    cpu: [x64]
    os: [linux]

  '@next/swc-win32-arm64-msvc@15.3.1':
    resolution: {integrity: sha512-yP7FueWjphQEPpJQ2oKmshk/ppOt+0/bB8JC8svPUZNy0Pi3KbPx2Llkzv1p8CoQa+D2wknINlJpHf3vtChVBw==}
    engines: {node: '>= 10'}
    cpu: [arm64]
    os: [win32]

  '@next/swc-win32-x64-msvc@15.3.1':
    resolution: {integrity: sha512-3PMvF2zRJAifcRNni9uMk/gulWfWS+qVI/pagd+4yLF5bcXPZPPH2xlYRYOsUjmCJOXSTAC2PjRzbhsRzR2fDQ==}
    engines: {node: '>= 10'}
    cpu: [x64]
    os: [win32]

  '@next/third-parties@15.3.1':
    resolution: {integrity: sha512-8v1pAtRjcaCbs80qcYLLCrSsECgeSb0WMU0J3pMBYNavG3Y3yQOgFog18nVgiNrNB20HkyrScquWsy8gcdiGRA==}
    peerDependencies:
      next: ^13.0.0 || ^14.0.0 || ^15.0.0
      react: ^18.2.0 || 19.0.0-rc-de68d2f4-20241204 || ^19.0.0

  '@phosphor-icons/react@2.1.7':
    resolution: {integrity: sha512-g2e2eVAn1XG2a+LI09QU3IORLhnFNAFkNbo2iwbX6NOKSLOwvEMmTa7CgOzEbgNWR47z8i8kwjdvYZ5fkGx1mQ==}
    engines: {node: '>=10'}
    peerDependencies:
      react: '>= 16.8'
      react-dom: '>= 16.8'

  '@swc/counter@0.1.3':
    resolution: {integrity: sha512-e2BR4lsJkkRlKZ/qCHPw9ZaSxc0MVUd7gtbtaB7aMvHeJVYe8sOB8DBZkP2DtISHGSku9sCK6T6cnY0CtXrOCQ==}

  '@swc/helpers@0.5.15':
    resolution: {integrity: sha512-JQ5TuMi45Owi4/BIMAJBoSQoOJu12oOk/gADqlcUL9JEdHB8vyjUSsxqeNXnmXHjYKMi2WcYtezGEEhqUI/E2g==}

  '@tailwindcss/node@4.1.4':
    resolution: {integrity: sha512-MT5118zaiO6x6hNA04OWInuAiP1YISXql8Z+/Y8iisV5nuhM8VXlyhRuqc2PEviPszcXI66W44bCIk500Oolhw==}

  '@tailwindcss/oxide-android-arm64@4.1.4':
    resolution: {integrity: sha512-xMMAe/SaCN/vHfQYui3fqaBDEXMu22BVwQ33veLc8ep+DNy7CWN52L+TTG9y1K397w9nkzv+Mw+mZWISiqhmlA==}
    engines: {node: '>= 10'}
    cpu: [arm64]
    os: [android]

  '@tailwindcss/oxide-darwin-arm64@4.1.4':
    resolution: {integrity: sha512-JGRj0SYFuDuAGilWFBlshcexev2hOKfNkoX+0QTksKYq2zgF9VY/vVMq9m8IObYnLna0Xlg+ytCi2FN2rOL0Sg==}
    engines: {node: '>= 10'}
    cpu: [arm64]
    os: [darwin]

  '@tailwindcss/oxide-darwin-x64@4.1.4':
    resolution: {integrity: sha512-sdDeLNvs3cYeWsEJ4H1DvjOzaGios4QbBTNLVLVs0XQ0V95bffT3+scptzYGPMjm7xv4+qMhCDrkHwhnUySEzA==}
    engines: {node: '>= 10'}
    cpu: [x64]
    os: [darwin]

  '@tailwindcss/oxide-freebsd-x64@4.1.4':
    resolution: {integrity: sha512-VHxAqxqdghM83HslPhRsNhHo91McsxRJaEnShJOMu8mHmEj9Ig7ToHJtDukkuLWLzLboh2XSjq/0zO6wgvykNA==}
    engines: {node: '>= 10'}
    cpu: [x64]
    os: [freebsd]

  '@tailwindcss/oxide-linux-arm-gnueabihf@4.1.4':
    resolution: {integrity: sha512-OTU/m/eV4gQKxy9r5acuesqaymyeSCnsx1cFto/I1WhPmi5HDxX1nkzb8KYBiwkHIGg7CTfo/AcGzoXAJBxLfg==}
    engines: {node: '>= 10'}
    cpu: [arm]
    os: [linux]

  '@tailwindcss/oxide-linux-arm64-gnu@4.1.4':
    resolution: {integrity: sha512-hKlLNvbmUC6z5g/J4H+Zx7f7w15whSVImokLPmP6ff1QqTVE+TxUM9PGuNsjHvkvlHUtGTdDnOvGNSEUiXI1Ww==}
    engines: {node: '>= 10'}
    cpu: [arm64]
    os: [linux]

  '@tailwindcss/oxide-linux-arm64-musl@4.1.4':
    resolution: {integrity: sha512-X3As2xhtgPTY/m5edUtddmZ8rCruvBvtxYLMw9OsZdH01L2gS2icsHRwxdU0dMItNfVmrBezueXZCHxVeeb7Aw==}
    engines: {node: '>= 10'}
    cpu: [arm64]
    os: [linux]

  '@tailwindcss/oxide-linux-x64-gnu@4.1.4':
    resolution: {integrity: sha512-2VG4DqhGaDSmYIu6C4ua2vSLXnJsb/C9liej7TuSO04NK+JJJgJucDUgmX6sn7Gw3Cs5ZJ9ZLrnI0QRDOjLfNQ==}
    engines: {node: '>= 10'}
    cpu: [x64]
    os: [linux]

  '@tailwindcss/oxide-linux-x64-musl@4.1.4':
    resolution: {integrity: sha512-v+mxVgH2kmur/X5Mdrz9m7TsoVjbdYQT0b4Z+dr+I4RvreCNXyCFELZL/DO0M1RsidZTrm6O1eMnV6zlgEzTMQ==}
    engines: {node: '>= 10'}
    cpu: [x64]
    os: [linux]

  '@tailwindcss/oxide-wasm32-wasi@4.1.4':
    resolution: {integrity: sha512-2TLe9ir+9esCf6Wm+lLWTMbgklIjiF0pbmDnwmhR9MksVOq+e8aP3TSsXySnBDDvTTVd/vKu1aNttEGj3P6l8Q==}
    engines: {node: '>=14.0.0'}
    cpu: [wasm32]
    bundledDependencies:
      - '@napi-rs/wasm-runtime'
      - '@emnapi/core'
      - '@emnapi/runtime'
      - '@tybys/wasm-util'
      - '@emnapi/wasi-threads'
      - tslib

  '@tailwindcss/oxide-win32-arm64-msvc@4.1.4':
    resolution: {integrity: sha512-VlnhfilPlO0ltxW9/BgfLI5547PYzqBMPIzRrk4W7uupgCt8z6Trw/tAj6QUtF2om+1MH281Pg+HHUJoLesmng==}
    engines: {node: '>= 10'}
    cpu: [arm64]
    os: [win32]

  '@tailwindcss/oxide-win32-x64-msvc@4.1.4':
    resolution: {integrity: sha512-+7S63t5zhYjslUGb8NcgLpFXD+Kq1F/zt5Xv5qTv7HaFTG/DHyHD9GA6ieNAxhgyA4IcKa/zy7Xx4Oad2/wuhw==}
    engines: {node: '>= 10'}
    cpu: [x64]
    os: [win32]

  '@tailwindcss/oxide@4.1.4':
    resolution: {integrity: sha512-p5wOpXyOJx7mKh5MXh5oKk+kqcz8T+bA3z/5VWWeQwFrmuBItGwz8Y2CHk/sJ+dNb9B0nYFfn0rj/cKHZyjahQ==}
    engines: {node: '>= 10'}

  '@tailwindcss/postcss@4.1.4':
    resolution: {integrity: sha512-bjV6sqycCEa+AQSt2Kr7wpGF1bOZJ5wsqnLEkqSbM/JEHxx/yhMH8wHmdkPyApF9xhHeMSwnnkDUUMMM/hYnXw==}

  '@types/node@22.14.1':
    resolution: {integrity: sha512-u0HuPQwe/dHrItgHHpmw3N2fYCR6x4ivMNbPHRkBVP4CvN+kiRrKHWk3i8tXiO/joPwXLMYvF9TTF0eqgHIuOw==}

  '@types/react-dom@19.1.2':
    resolution: {integrity: sha512-XGJkWF41Qq305SKWEILa1O8vzhb3aOo3ogBlSmiqNko/WmRb6QIaweuZCXjKygVDXpzXb5wyxKTSOsmkuqj+Qw==}
    peerDependencies:
      '@types/react': ^19.0.0

  '@types/react@19.1.2':
    resolution: {integrity: sha512-oxLPMytKchWGbnQM9O7D67uPa9paTNxO7jVoNMXgkkErULBPhPARCfkKL9ytcIJJRGjbsVwW4ugJzyFFvm/Tiw==}

  busboy@1.6.0:
    resolution: {integrity: sha512-8SFQbg/0hQ9xy3UNTB0YEnsNBbWfhf7RtnzpL7TkBiTBRfrQ9Fxcnz7VJsleJpyp6rVLvXiuORqjlHi5q+PYuA==}
    engines: {node: '>=10.16.0'}

  caniuse-lite@1.0.30001651:
    resolution: {integrity: sha512-9Cf+Xv1jJNe1xPZLGuUXLNkE1BoDkqRqYyFJ9TDYSqhduqA4hu4oR9HluGoWYQC/aj8WHjsGVV+bwkh0+tegRg==}

  client-only@0.0.1:
    resolution: {integrity: sha512-IV3Ou0jSMzZrd3pZ48nLkT9DA7Ag1pnPzaiQhpW7c3RbcqqzvzzVu+L8gfqMp/8IM2MQtSiqaCxrrcfu8I8rMA==}

  clsx@2.1.1:
    resolution: {integrity: sha512-eYm0QWBtUrBWZWG0d386OGAw16Z995PiOVo2B7bjWSbHedGl5e0ZWaq65kOGgUSNesEIDkB9ISbTg/JK9dhCZA==}
    engines: {node: '>=6'}

  color-convert@2.0.1:
    resolution: {integrity: sha512-RRECPsj7iu/xb5oKYcsFHSppFNnsj/52OVTRKb4zP5onXwVF3zVmmToNcOfGC+CRDpfK/U584fMg38ZHCaElKQ==}
    engines: {node: '>=7.0.0'}

  color-name@1.1.4:
    resolution: {integrity: sha512-dOy+3AuW3a2wNbZHIuMZpTcgjGuLU/uBL/ubcZF9OXbDo8ff4O8yVp5Bf0efS8uEoYo5q4Fx7dY9OgQGXgAsQA==}

  color-string@1.9.1:
    resolution: {integrity: sha512-shrVawQFojnZv6xM40anx4CkoDP+fZsw/ZerEMsW/pyzsRbElpsL/DBVW7q3ExxwusdNXI3lXpuhEZkzs8p5Eg==}

  color@4.2.3:
    resolution: {integrity: sha512-1rXeuUUiGGrykh+CeBdu5Ie7OJwinCgQY0bc7GCRxy5xVHy+moaqkpL/jqQq0MtQOeYcrqEz4abc5f0KtU7W4A==}
    engines: {node: '>=12.5.0'}

  csstype@3.1.3:
    resolution: {integrity: sha512-M1uQkMl8rQK/szD0LNhtqxIPLpimGm8sOBwU7lLnCpSbTyY3yeU1Vc7l4KT5zT4s/yOxHH5O7tIuuLOCnLADRw==}

  dayjs@1.11.13:
    resolution: {integrity: sha512-oaMBel6gjolK862uaPQOVTA7q3TZhuSvuMQAAglQDOWYO9A91IrAOUJEyKVlqJlHE0vq5p5UXxzdPfMH/x6xNg==}

  detect-libc@2.0.3:
    resolution: {integrity: sha512-bwy0MGW55bG41VqxxypOsdSdGqLwXPI/focwgTYCFMbdUiBAxLg9CFzG08sz2aqzknwiX7Hkl0bQENjg8iLByw==}
    engines: {node: '>=8'}

  enhanced-resolve@5.18.1:
    resolution: {integrity: sha512-ZSW3ma5GkcQBIpwZTSRAI8N71Uuwgs93IezB7mf7R60tC8ZbJideoDNKjHn2O9KIlx6rkGTTEk1xUCK2E1Y2Yg==}
    engines: {node: '>=10.13.0'}

  graceful-fs@4.2.11:
    resolution: {integrity: sha512-RbJ5/jmFcNNCcDV5o9eTnBLJ/HszWV0P73bc+Ff4nS/rJj+YaS6IGyiOL0VoBYX+l1Wrl3k63h/KrH+nhJ0XvQ==}

  is-arrayish@0.3.2:
    resolution: {integrity: sha512-eVRqCvVlZbuw3GrM63ovNSNAeA1K16kaR/LRY/92w0zxQ5/1YzwblUX652i4Xs9RwAGjW9d9y6X88t8OaAJfWQ==}

  jiti@2.4.2:
    resolution: {integrity: sha512-rg9zJN+G4n2nfJl5MW3BMygZX56zKPNVEYYqq7adpmMh4Jn2QNEwhvQlFy6jPVdcod7txZtKHWnyZiA3a0zP7A==}
    hasBin: true

  lightningcss-darwin-arm64@1.29.2:
    resolution: {integrity: sha512-cK/eMabSViKn/PG8U/a7aCorpeKLMlK0bQeNHmdb7qUnBkNPnL+oV5DjJUo0kqWsJUapZsM4jCfYItbqBDvlcA==}
    engines: {node: '>= 12.0.0'}
    cpu: [arm64]
    os: [darwin]

  lightningcss-darwin-x64@1.29.2:
    resolution: {integrity: sha512-j5qYxamyQw4kDXX5hnnCKMf3mLlHvG44f24Qyi2965/Ycz829MYqjrVg2H8BidybHBp9kom4D7DR5VqCKDXS0w==}
    engines: {node: '>= 12.0.0'}
    cpu: [x64]
    os: [darwin]

  lightningcss-freebsd-x64@1.29.2:
    resolution: {integrity: sha512-wDk7M2tM78Ii8ek9YjnY8MjV5f5JN2qNVO+/0BAGZRvXKtQrBC4/cn4ssQIpKIPP44YXw6gFdpUF+Ps+RGsCwg==}
    engines: {node: '>= 12.0.0'}
    cpu: [x64]
    os: [freebsd]

  lightningcss-linux-arm-gnueabihf@1.29.2:
    resolution: {integrity: sha512-IRUrOrAF2Z+KExdExe3Rz7NSTuuJ2HvCGlMKoquK5pjvo2JY4Rybr+NrKnq0U0hZnx5AnGsuFHjGnNT14w26sg==}
    engines: {node: '>= 12.0.0'}
    cpu: [arm]
    os: [linux]

  lightningcss-linux-arm64-gnu@1.29.2:
    resolution: {integrity: sha512-KKCpOlmhdjvUTX/mBuaKemp0oeDIBBLFiU5Fnqxh1/DZ4JPZi4evEH7TKoSBFOSOV3J7iEmmBaw/8dpiUvRKlQ==}
    engines: {node: '>= 12.0.0'}
    cpu: [arm64]
    os: [linux]

  lightningcss-linux-arm64-musl@1.29.2:
    resolution: {integrity: sha512-Q64eM1bPlOOUgxFmoPUefqzY1yV3ctFPE6d/Vt7WzLW4rKTv7MyYNky+FWxRpLkNASTnKQUaiMJ87zNODIrrKQ==}
    engines: {node: '>= 12.0.0'}
    cpu: [arm64]
    os: [linux]

  lightningcss-linux-x64-gnu@1.29.2:
    resolution: {integrity: sha512-0v6idDCPG6epLXtBH/RPkHvYx74CVziHo6TMYga8O2EiQApnUPZsbR9nFNrg2cgBzk1AYqEd95TlrsL7nYABQg==}
    engines: {node: '>= 12.0.0'}
    cpu: [x64]
    os: [linux]

  lightningcss-linux-x64-musl@1.29.2:
    resolution: {integrity: sha512-rMpz2yawkgGT8RULc5S4WiZopVMOFWjiItBT7aSfDX4NQav6M44rhn5hjtkKzB+wMTRlLLqxkeYEtQ3dd9696w==}
    engines: {node: '>= 12.0.0'}
    cpu: [x64]
    os: [linux]

  lightningcss-win32-arm64-msvc@1.29.2:
    resolution: {integrity: sha512-nL7zRW6evGQqYVu/bKGK+zShyz8OVzsCotFgc7judbt6wnB2KbiKKJwBE4SGoDBQ1O94RjW4asrCjQL4i8Fhbw==}
    engines: {node: '>= 12.0.0'}
    cpu: [arm64]
    os: [win32]

  lightningcss-win32-x64-msvc@1.29.2:
    resolution: {integrity: sha512-EdIUW3B2vLuHmv7urfzMI/h2fmlnOQBk1xlsDxkN1tCWKjNFjfLhGxYk8C8mzpSfr+A6jFFIi8fU6LbQGsRWjA==}
    engines: {node: '>= 12.0.0'}
    cpu: [x64]
    os: [win32]

  lightningcss@1.29.2:
    resolution: {integrity: sha512-6b6gd/RUXKaw5keVdSEtqFVdzWnU5jMxTUjA2bVcMNPLwSQ08Sv/UodBVtETLCn7k4S1Ibxwh7k68IwLZPgKaA==}
    engines: {node: '>= 12.0.0'}

  nanoid@3.3.9:
    resolution: {integrity: sha512-SppoicMGpZvbF1l3z4x7No3OlIjP7QJvC9XR7AhZr1kL133KHnKPztkKDc+Ir4aJ/1VhTySrtKhrsycmrMQfvg==}
    engines: {node: ^10 || ^12 || ^13.7 || ^14 || >=15.0.1}
    hasBin: true

  next@15.3.1:
    resolution: {integrity: sha512-8+dDV0xNLOgHlyBxP1GwHGVaNXsmp+2NhZEYrXr24GWLHtt27YrBPbPuHvzlhi7kZNYjeJNR93IF5zfFu5UL0g==}
    engines: {node: ^18.18.0 || ^19.8.0 || >= 20.0.0}
    hasBin: true
    peerDependencies:
      '@opentelemetry/api': ^1.1.0
      '@playwright/test': ^1.41.2
      babel-plugin-react-compiler: '*'
      react: ^18.2.0 || 19.0.0-rc-de68d2f4-20241204 || ^19.0.0
      react-dom: ^18.2.0 || 19.0.0-rc-de68d2f4-20241204 || ^19.0.0
      sass: ^1.3.0
    peerDependenciesMeta:
      '@opentelemetry/api':
        optional: true
      '@playwright/test':
        optional: true
      babel-plugin-react-compiler:
        optional: true
      sass:
        optional: true

  picocolors@1.1.1:
    resolution: {integrity: sha512-xceH2snhtb5M9liqDsmEw56le376mTZkEX/jEb/RxNFyegNul7eNslCXP9FDj/Lcu0X8KEyMceP2ntpaHrDEVA==}

  postcss@8.4.31:
    resolution: {integrity: sha512-PS08Iboia9mts/2ygV3eLpY5ghnUcfLV/EXTOW1E2qYxJKGGBUtNjN76FYHnMs36RmARn41bC0AZmn+rR0OVpQ==}
    engines: {node: ^10 || ^12 || >=14}

  postcss@8.5.3:
    resolution: {integrity: sha512-dle9A3yYxlBSrt8Fu+IpjGT8SY8hN0mlaA6GY8t0P5PjIOZemULz/E2Bnm/2dcUOena75OTNkHI76uZBNUUq3A==}
    engines: {node: ^10 || ^12 || >=14}

  prettier-plugin-tailwindcss@0.6.11:
    resolution: {integrity: sha512-YxaYSIvZPAqhrrEpRtonnrXdghZg1irNg4qrjboCXrpybLWVs55cW2N3juhspVJiO0JBvYJT8SYsJpc8OQSnsA==}
    engines: {node: '>=14.21.3'}
    peerDependencies:
      '@ianvs/prettier-plugin-sort-imports': '*'
      '@prettier/plugin-pug': '*'
      '@shopify/prettier-plugin-liquid': '*'
      '@trivago/prettier-plugin-sort-imports': '*'
      '@zackad/prettier-plugin-twig': '*'
      prettier: ^3.0
      prettier-plugin-astro: '*'
      prettier-plugin-css-order: '*'
      prettier-plugin-import-sort: '*'
      prettier-plugin-jsdoc: '*'
      prettier-plugin-marko: '*'
      prettier-plugin-multiline-arrays: '*'
      prettier-plugin-organize-attributes: '*'
      prettier-plugin-organize-imports: '*'
      prettier-plugin-sort-imports: '*'
      prettier-plugin-style-order: '*'
      prettier-plugin-svelte: '*'
    peerDependenciesMeta:
      '@ianvs/prettier-plugin-sort-imports':
        optional: true
      '@prettier/plugin-pug':
        optional: true
      '@shopify/prettier-plugin-liquid':
        optional: true
      '@trivago/prettier-plugin-sort-imports':
        optional: true
      '@zackad/prettier-plugin-twig':
        optional: true
      prettier-plugin-astro:
        optional: true
      prettier-plugin-css-order:
        optional: true
      prettier-plugin-import-sort:
        optional: true
      prettier-plugin-jsdoc:
        optional: true
      prettier-plugin-marko:
        optional: true
      prettier-plugin-multiline-arrays:
        optional: true
      prettier-plugin-organize-attributes:
        optional: true
      prettier-plugin-organize-imports:
        optional: true
      prettier-plugin-sort-imports:
        optional: true
      prettier-plugin-style-order:
        optional: true
      prettier-plugin-svelte:
        optional: true

  prettier@3.5.3:
    resolution: {integrity: sha512-QQtaxnoDJeAkDvDKWCLiwIXkTgRhwYDEQCghU9Z6q03iyek/rxRh/2lC3HB7P8sWT2xC/y5JDctPLBIGzHKbhw==}
    engines: {node: '>=14'}
    hasBin: true

  react-dom@19.1.0:
    resolution: {integrity: sha512-Xs1hdnE+DyKgeHJeJznQmYMIBG3TKIHJJT95Q58nHLSrElKlGQqDTR2HQ9fx5CN/Gk6Vh/kupBTDLU11/nDk/g==}
    peerDependencies:
      react: ^19.1.0

  react@19.1.0:
    resolution: {integrity: sha512-FS+XFBNvn3GTAWq26joslQgWNoFu08F4kl0J4CgdNKADkdSGXQyTCnKteIAJy96Br6YbpEU1LSzV5dYtjMkMDg==}
    engines: {node: '>=0.10.0'}

  scheduler@0.26.0:
    resolution: {integrity: sha512-NlHwttCI/l5gCPR3D1nNXtWABUmBwvZpEQiD4IXSbIDq8BzLIK/7Ir5gTFSGZDUu37K5cMNp0hFtzO38sC7gWA==}

  semver@7.7.1:
    resolution: {integrity: sha512-hlq8tAfn0m/61p4BVRcPzIGr6LKiMwo4VM6dGi6pt4qcRkmNzTcWq6eCEjEh+qXjkMDvPlOFFSGwQjoEa6gyMA==}
    engines: {node: '>=10'}
    hasBin: true

  sharp@0.34.1:
    resolution: {integrity: sha512-1j0w61+eVxu7DawFJtnfYcvSv6qPFvfTaqzTQ2BLknVhHTwGS8sc63ZBF4rzkWMBVKybo4S5OBtDdZahh2A1xg==}
    engines: {node: ^18.17.0 || ^20.3.0 || >=21.0.0}

  simple-swizzle@0.2.2:
    resolution: {integrity: sha512-JA//kQgZtbuY83m+xT+tXJkmJncGMTFT+C+g2h2R9uxkYIrE2yy9sgmcLhCnw57/WSD+Eh3J97FPEDFnbXnDUg==}

  source-map-js@1.2.1:
    resolution: {integrity: sha512-UXWMKhLOwVKb728IUtQPXxfYU+usdybtUrK/8uGE8CQMvrhOpwvzDBwj0QhSL7MQc7vIsISBG8VQ8+IDQxpfQA==}
    engines: {node: '>=0.10.0'}

  streamsearch@1.1.0:
    resolution: {integrity: sha512-Mcc5wHehp9aXz1ax6bZUyY5afg9u2rv5cqQI3mRrYkGC8rW2hM02jWuwjtL++LS5qinSyhj2QfLyNsuc+VsExg==}
    engines: {node: '>=10.0.0'}

  styled-jsx@5.1.6:
    resolution: {integrity: sha512-qSVyDTeMotdvQYoHWLNGwRFJHC+i+ZvdBRYosOFgC+Wg1vx4frN2/RG/NA7SYqqvKNLf39P2LSRA2pu6n0XYZA==}
    engines: {node: '>= 12.0.0'}
    peerDependencies:
      '@babel/core': '*'
      babel-plugin-macros: '*'
      react: '>= 16.8.0 || 17.x.x || ^18.0.0-0 || ^19.0.0-0'
    peerDependenciesMeta:
      '@babel/core':
        optional: true
      babel-plugin-macros:
        optional: true

  tailwind-merge@3.2.0:
    resolution: {integrity: sha512-FQT/OVqCD+7edmmJpsgCsY820RTD5AkBryuG5IUqR5YQZSdj5xlH5nLgH7YPths7WsLPSpSBNneJdM8aS8aeFA==}

  tailwindcss@4.1.4:
    resolution: {integrity: sha512-1ZIUqtPITFbv/DxRmDr5/agPqJwF69d24m9qmM1939TJehgY539CtzeZRjbLt5G6fSy/7YqqYsfvoTEw9xUI2A==}

  tapable@2.2.1:
    resolution: {integrity: sha512-GNzQvQTOIP6RyTfE2Qxb8ZVlNmw0n88vp1szwWRimP02mnTsx3Wtn5qRdqY9w2XduFNUgvOwhNnQsjwCp+kqaQ==}
    engines: {node: '>=6'}

  third-party-capital@1.0.20:
    resolution: {integrity: sha512-oB7yIimd8SuGptespDAZnNkzIz+NWaJCu2RMsbs4Wmp9zSDUM8Nhi3s2OOcqYuv3mN4hitXc8DVx+LyUmbUDiA==}

  tslib@2.8.1:
    resolution: {integrity: sha512-oJFu94HQb+KVduSUQL7wnpmqnfmLsOA/nAh6b6EH0wCEoK0/mPeXU6c3wKDV83MkOuHPRHtSXKKU99IBazS/2w==}

  typescript@5.8.3:
    resolution: {integrity: sha512-p1diW6TqL9L07nNxvRMM7hMMw4c5XOo/1ibL4aAIGmSAt9slTE1Xgw5KWuof2uTOvCg9BY7ZRi+GaF+7sfgPeQ==}
    engines: {node: '>=14.17'}
    hasBin: true

  undici-types@6.21.0:
    resolution: {integrity: sha512-iwDZqg0QAGrg9Rav5H4n0M64c3mkR59cJ6wQp+7C4nI0gsmExaedaYLNO44eT4AtBBwjbTiGPMlt2Md0T9H9JQ==}

snapshots:

  '@alloc/quick-lru@5.2.0': {}

  '@emnapi/runtime@1.4.3':
    dependencies:
      tslib: 2.8.1
    optional: true

  '@img/sharp-darwin-arm64@0.34.1':
    optionalDependencies:
      '@img/sharp-libvips-darwin-arm64': 1.1.0
    optional: true

  '@img/sharp-darwin-x64@0.34.1':
    optionalDependencies:
      '@img/sharp-libvips-darwin-x64': 1.1.0
    optional: true

  '@img/sharp-libvips-darwin-arm64@1.1.0':
    optional: true

  '@img/sharp-libvips-darwin-x64@1.1.0':
    optional: true

  '@img/sharp-libvips-linux-arm64@1.1.0':
    optional: true

  '@img/sharp-libvips-linux-arm@1.1.0':
    optional: true

  '@img/sharp-libvips-linux-ppc64@1.1.0':
    optional: true

  '@img/sharp-libvips-linux-s390x@1.1.0':
    optional: true

  '@img/sharp-libvips-linux-x64@1.1.0':
    optional: true

  '@img/sharp-libvips-linuxmusl-arm64@1.1.0':
    optional: true

  '@img/sharp-libvips-linuxmusl-x64@1.1.0':
    optional: true

  '@img/sharp-linux-arm64@0.34.1':
    optionalDependencies:
      '@img/sharp-libvips-linux-arm64': 1.1.0
    optional: true

  '@img/sharp-linux-arm@0.34.1':
    optionalDependencies:
      '@img/sharp-libvips-linux-arm': 1.1.0
    optional: true

  '@img/sharp-linux-s390x@0.34.1':
    optionalDependencies:
      '@img/sharp-libvips-linux-s390x': 1.1.0
    optional: true

  '@img/sharp-linux-x64@0.34.1':
    optionalDependencies:
      '@img/sharp-libvips-linux-x64': 1.1.0
    optional: true

  '@img/sharp-linuxmusl-arm64@0.34.1':
    optionalDependencies:
      '@img/sharp-libvips-linuxmusl-arm64': 1.1.0
    optional: true

  '@img/sharp-linuxmusl-x64@0.34.1':
    optionalDependencies:
      '@img/sharp-libvips-linuxmusl-x64': 1.1.0
    optional: true

  '@img/sharp-wasm32@0.34.1':
    dependencies:
      '@emnapi/runtime': 1.4.3
    optional: true

  '@img/sharp-win32-ia32@0.34.1':
    optional: true

  '@img/sharp-win32-x64@0.34.1':
    optional: true

  '@next/env@15.3.1': {}

  '@next/swc-darwin-arm64@15.3.1':
    optional: true

  '@next/swc-darwin-x64@15.3.1':
    optional: true

  '@next/swc-linux-arm64-gnu@15.3.1':
    optional: true

  '@next/swc-linux-arm64-musl@15.3.1':
    optional: true

  '@next/swc-linux-x64-gnu@15.3.1':
    optional: true

  '@next/swc-linux-x64-musl@15.3.1':
    optional: true

  '@next/swc-win32-arm64-msvc@15.3.1':
    optional: true

  '@next/swc-win32-x64-msvc@15.3.1':
    optional: true

  '@next/third-parties@15.3.1(next@15.3.1(react-dom@19.1.0(react@19.1.0))(react@19.1.0))(react@19.1.0)':
    dependencies:
      next: 15.3.1(react-dom@19.1.0(react@19.1.0))(react@19.1.0)
      react: 19.1.0
      third-party-capital: 1.0.20

  '@phosphor-icons/react@2.1.7(react-dom@19.1.0(react@19.1.0))(react@19.1.0)':
    dependencies:
      react: 19.1.0
      react-dom: 19.1.0(react@19.1.0)

  '@swc/counter@0.1.3': {}

  '@swc/helpers@0.5.15':
    dependencies:
      tslib: 2.8.1

  '@tailwindcss/node@4.1.4':
    dependencies:
      enhanced-resolve: 5.18.1
      jiti: 2.4.2
      lightningcss: 1.29.2
      tailwindcss: 4.1.4

  '@tailwindcss/oxide-android-arm64@4.1.4':
    optional: true

  '@tailwindcss/oxide-darwin-arm64@4.1.4':
    optional: true

  '@tailwindcss/oxide-darwin-x64@4.1.4':
    optional: true

  '@tailwindcss/oxide-freebsd-x64@4.1.4':
    optional: true

  '@tailwindcss/oxide-linux-arm-gnueabihf@4.1.4':
    optional: true

  '@tailwindcss/oxide-linux-arm64-gnu@4.1.4':
    optional: true

  '@tailwindcss/oxide-linux-arm64-musl@4.1.4':
    optional: true

  '@tailwindcss/oxide-linux-x64-gnu@4.1.4':
    optional: true

  '@tailwindcss/oxide-linux-x64-musl@4.1.4':
    optional: true

  '@tailwindcss/oxide-wasm32-wasi@4.1.4':
    optional: true

  '@tailwindcss/oxide-win32-arm64-msvc@4.1.4':
    optional: true

  '@tailwindcss/oxide-win32-x64-msvc@4.1.4':
    optional: true

  '@tailwindcss/oxide@4.1.4':
    optionalDependencies:
      '@tailwindcss/oxide-android-arm64': 4.1.4
      '@tailwindcss/oxide-darwin-arm64': 4.1.4
      '@tailwindcss/oxide-darwin-x64': 4.1.4
      '@tailwindcss/oxide-freebsd-x64': 4.1.4
      '@tailwindcss/oxide-linux-arm-gnueabihf': 4.1.4
      '@tailwindcss/oxide-linux-arm64-gnu': 4.1.4
      '@tailwindcss/oxide-linux-arm64-musl': 4.1.4
      '@tailwindcss/oxide-linux-x64-gnu': 4.1.4
      '@tailwindcss/oxide-linux-x64-musl': 4.1.4
      '@tailwindcss/oxide-wasm32-wasi': 4.1.4
      '@tailwindcss/oxide-win32-arm64-msvc': 4.1.4
      '@tailwindcss/oxide-win32-x64-msvc': 4.1.4

  '@tailwindcss/postcss@4.1.4':
    dependencies:
      '@alloc/quick-lru': 5.2.0
      '@tailwindcss/node': 4.1.4
      '@tailwindcss/oxide': 4.1.4
      postcss: 8.5.3
      tailwindcss: 4.1.4

  '@types/node@22.14.1':
    dependencies:
      undici-types: 6.21.0

  '@types/react-dom@19.1.2(@types/react@19.1.2)':
    dependencies:
      '@types/react': 19.1.2

  '@types/react@19.1.2':
    dependencies:
      csstype: 3.1.3

  busboy@1.6.0:
    dependencies:
      streamsearch: 1.1.0

  caniuse-lite@1.0.30001651: {}

  client-only@0.0.1: {}

  clsx@2.1.1: {}

  color-convert@2.0.1:
    dependencies:
      color-name: 1.1.4
    optional: true

  color-name@1.1.4:
    optional: true

  color-string@1.9.1:
    dependencies:
      color-name: 1.1.4
      simple-swizzle: 0.2.2
    optional: true

  color@4.2.3:
    dependencies:
      color-convert: 2.0.1
      color-string: 1.9.1
    optional: true

  csstype@3.1.3: {}

  dayjs@1.11.13: {}

  detect-libc@2.0.3: {}

  enhanced-resolve@5.18.1:
    dependencies:
      graceful-fs: 4.2.11
      tapable: 2.2.1

  graceful-fs@4.2.11: {}

  is-arrayish@0.3.2:
    optional: true

  jiti@2.4.2: {}

  lightningcss-darwin-arm64@1.29.2:
    optional: true

  lightningcss-darwin-x64@1.29.2:
    optional: true

  lightningcss-freebsd-x64@1.29.2:
    optional: true

  lightningcss-linux-arm-gnueabihf@1.29.2:
    optional: true

  lightningcss-linux-arm64-gnu@1.29.2:
    optional: true

  lightningcss-linux-arm64-musl@1.29.2:
    optional: true

  lightningcss-linux-x64-gnu@1.29.2:
    optional: true

  lightningcss-linux-x64-musl@1.29.2:
    optional: true

  lightningcss-win32-arm64-msvc@1.29.2:
    optional: true

  lightningcss-win32-x64-msvc@1.29.2:
    optional: true

  lightningcss@1.29.2:
    dependencies:
      detect-libc: 2.0.3
    optionalDependencies:
      lightningcss-darwin-arm64: 1.29.2
      lightningcss-darwin-x64: 1.29.2
      lightningcss-freebsd-x64: 1.29.2
      lightningcss-linux-arm-gnueabihf: 1.29.2
      lightningcss-linux-arm64-gnu: 1.29.2
      lightningcss-linux-arm64-musl: 1.29.2
      lightningcss-linux-x64-gnu: 1.29.2
      lightningcss-linux-x64-musl: 1.29.2
      lightningcss-win32-arm64-msvc: 1.29.2
      lightningcss-win32-x64-msvc: 1.29.2

  nanoid@3.3.9: {}

  next@15.3.1(react-dom@19.1.0(react@19.1.0))(react@19.1.0):
    dependencies:
      '@next/env': 15.3.1
      '@swc/counter': 0.1.3
      '@swc/helpers': 0.5.15
      busboy: 1.6.0
      caniuse-lite: 1.0.30001651
      postcss: 8.4.31
      react: 19.1.0
      react-dom: 19.1.0(react@19.1.0)
      styled-jsx: 5.1.6(react@19.1.0)
    optionalDependencies:
      '@next/swc-darwin-arm64': 15.3.1
      '@next/swc-darwin-x64': 15.3.1
      '@next/swc-linux-arm64-gnu': 15.3.1
      '@next/swc-linux-arm64-musl': 15.3.1
      '@next/swc-linux-x64-gnu': 15.3.1
      '@next/swc-linux-x64-musl': 15.3.1
      '@next/swc-win32-arm64-msvc': 15.3.1
      '@next/swc-win32-x64-msvc': 15.3.1
      sharp: 0.34.1
    transitivePeerDependencies:
      - '@babel/core'
      - babel-plugin-macros

  picocolors@1.1.1: {}

  postcss@8.4.31:
    dependencies:
      nanoid: 3.3.9
      picocolors: 1.1.1
      source-map-js: 1.2.1

  postcss@8.5.3:
    dependencies:
      nanoid: 3.3.9
      picocolors: 1.1.1
      source-map-js: 1.2.1

  prettier-plugin-tailwindcss@0.6.11(prettier@3.5.3):
    dependencies:
      prettier: 3.5.3

  prettier@3.5.3: {}

  react-dom@19.1.0(react@19.1.0):
    dependencies:
      react: 19.1.0
      scheduler: 0.26.0

  react@19.1.0: {}

  scheduler@0.26.0: {}

  semver@7.7.1:
    optional: true

  sharp@0.34.1:
    dependencies:
      color: 4.2.3
      detect-libc: 2.0.3
      semver: 7.7.1
    optionalDependencies:
      '@img/sharp-darwin-arm64': 0.34.1
      '@img/sharp-darwin-x64': 0.34.1
      '@img/sharp-libvips-darwin-arm64': 1.1.0
      '@img/sharp-libvips-darwin-x64': 1.1.0
      '@img/sharp-libvips-linux-arm': 1.1.0
      '@img/sharp-libvips-linux-arm64': 1.1.0
      '@img/sharp-libvips-linux-ppc64': 1.1.0
      '@img/sharp-libvips-linux-s390x': 1.1.0
      '@img/sharp-libvips-linux-x64': 1.1.0
      '@img/sharp-libvips-linuxmusl-arm64': 1.1.0
      '@img/sharp-libvips-linuxmusl-x64': 1.1.0
      '@img/sharp-linux-arm': 0.34.1
      '@img/sharp-linux-arm64': 0.34.1
      '@img/sharp-linux-s390x': 0.34.1
      '@img/sharp-linux-x64': 0.34.1
      '@img/sharp-linuxmusl-arm64': 0.34.1
      '@img/sharp-linuxmusl-x64': 0.34.1
      '@img/sharp-wasm32': 0.34.1
      '@img/sharp-win32-ia32': 0.34.1
      '@img/sharp-win32-x64': 0.34.1
    optional: true

  simple-swizzle@0.2.2:
    dependencies:
      is-arrayish: 0.3.2
    optional: true

  source-map-js@1.2.1: {}

  streamsearch@1.1.0: {}

  styled-jsx@5.1.6(react@19.1.0):
    dependencies:
      client-only: 0.0.1
      react: 19.1.0

  tailwind-merge@3.2.0: {}

  tailwindcss@4.1.4: {}

  tapable@2.2.1: {}

  third-party-capital@1.0.20: {}

  tslib@2.8.1: {}

  typescript@5.8.3: {}

  undici-types@6.21.0: {}
